
Microsoft Visual Studio Solution File, Format Version 12.00
Project("{FAE04EC0-301F-11D3-BF4B-00C04F79EFBC}") = "ProductManagement", "ProductManagement\ProductManagement.csproj", "{0CBF84F7-9C8D-4CBB-8CB0-F3C8B171AF6A}"
EndProject
Global
	GlobalSection(SolutionConfigurationPlatforms) = preSolution
		Debug|Any CPU = Debug|Any CPU
		Release|Any CPU = Release|Any CPU
	EndGlobalSection
	GlobalSection(ProjectConfigurationPlatforms) = postSolution
		{0CBF84F7-9C8D-4CBB-8CB0-F3C8B171AF6A}.Debug|Any CPU.ActiveCfg = Debug|Any CPU
		{0CBF84F7-9C8D-4CBB-8CB0-F3C8B171AF6A}.Debug|Any CPU.Build.0 = Debug|Any CPU
		{0CBF84F7-9C8D-4CBB-8CB0-F3C8B171AF6A}.Release|Any CPU.ActiveCfg = Release|Any CPU
		{0CBF84F7-9C8D-4CBB-8CB0-F3C8B171AF6A}.Release|Any CPU.Build.0 = Release|Any CPU
	EndGlobalSection
EndGlobal
